
Microsoft Visual Studio Solution File, Format Version 12.00
# Visual Studio Version 16
VisualStudioVersion = 16.0.30114.105
MinimumVisualStudioVersion = 10.0.40219.1
Project("{FAE04EC0-301F-11D3-BF4B-00C04F79EFBC}") = "API", "API\API.csproj", "{2624196B-4FD8-42AB-B57C-2732BBB28B2C}"
EndProject
Project("{FAE04EC0-301F-11D3-BF4B-00C04F79EFBC}") = "Application", "Application\Application.csproj", "{463D78D6-29FA-4D91-AC36-390EA607DAC9}"
EndProject
Project("{FAE04EC0-301F-11D3-BF4B-00C04F79EFBC}") = "Domain", "Domain\Domain.csproj", "{7815A9FC-5338-4579-A47E-613F6798F51B}"
EndProject
Project("{FAE04EC0-301F-11D3-BF4B-00C04F79EFBC}") = "Persistence", "Persistence\Persistence.csproj", "{39A0BA88-E014-492C-A72E-3D111A3DBAA6}"
EndProject
Global
	GlobalSection(SolutionConfigurationPlatforms) = preSolution
		Debug|Any CPU = Debug|Any CPU
		Debug|x64 = Debug|x64
		Debug|x86 = Debug|x86
		Release|Any CPU = Release|Any CPU
		Release|x64 = Release|x64
		Release|x86 = Release|x86
	EndGlobalSection
	GlobalSection(SolutionProperties) = preSolution
		HideSolutionNode = FALSE
	EndGlobalSection
	GlobalSection(ProjectConfigurationPlatforms) = postSolution
		{2624196B-4FD8-42AB-B57C-2732BBB28B2C}.Debug|Any CPU.ActiveCfg = Debug|Any CPU
		{2624196B-4FD8-42AB-B57C-2732BBB28B2C}.Debug|Any CPU.Build.0 = Debug|Any CPU
		{2624196B-4FD8-42AB-B57C-2732BBB28B2C}.Debug|x64.ActiveCfg = Debug|Any CPU
		{2624196B-4FD8-42AB-B57C-2732BBB28B2C}.Debug|x64.Build.0 = Debug|Any CPU
		{2624196B-4FD8-42AB-B57C-2732BBB28B2C}.Debug|x86.ActiveCfg = Debug|Any CPU
		{2624196B-4FD8-42AB-B57C-2732BBB28B2C}.Debug|x86.Build.0 = Debug|Any CPU
		{2624196B-4FD8-42AB-B57C-2732BBB28B2C}.Release|Any CPU.ActiveCfg = Release|Any CPU
		{2624196B-4FD8-42AB-B57C-2732BBB28B2C}.Release|Any CPU.Build.0 = Release|Any CPU
		{2624196B-4FD8-42AB-B57C-2732BBB28B2C}.Release|x64.ActiveCfg = Release|Any CPU
		{2624196B-4FD8-42AB-B57C-2732BBB28B2C}.Release|x64.Build.0 = Release|Any CPU
		{2624196B-4FD8-42AB-B57C-2732BBB28B2C}.Release|x86.ActiveCfg = Release|Any CPU
		{2624196B-4FD8-42AB-B57C-2732BBB28B2C}.Release|x86.Build.0 = Release|Any CPU
		{463D78D6-29FA-4D91-AC36-390EA607DAC9}.Debug|Any CPU.ActiveCfg = Debug|Any CPU
		{463D78D6-29FA-4D91-AC36-390EA607DAC9}.Debug|Any CPU.Build.0 = Debug|Any CPU
		{463D78D6-29FA-4D91-AC36-390EA607DAC9}.Debug|x64.ActiveCfg = Debug|Any CPU
		{463D78D6-29FA-4D91-AC36-390EA607DAC9}.Debug|x64.Build.0 = Debug|Any CPU
		{463D78D6-29FA-4D91-AC36-390EA607DAC9}.Debug|x86.ActiveCfg = Debug|Any CPU
		{463D78D6-29FA-4D91-AC36-390EA607DAC9}.Debug|x86.Build.0 = Debug|Any CPU
		{463D78D6-29FA-4D91-AC36-390EA607DAC9}.Release|Any CPU.ActiveCfg = Release|Any CPU
		{463D78D6-29FA-4D91-AC36-390EA607DAC9}.Release|Any CPU.Build.0 = Release|Any CPU
		{463D78D6-29FA-4D91-AC36-390EA607DAC9}.Release|x64.ActiveCfg = Release|Any CPU
		{463D78D6-29FA-4D91-AC36-390EA607DAC9}.Release|x64.Build.0 = Release|Any CPU
		{463D78D6-29FA-4D91-AC36-390EA607DAC9}.Release|x86.ActiveCfg = Release|Any CPU
		{463D78D6-29FA-4D91-AC36-390EA607DAC9}.Release|x86.Build.0 = Release|Any CPU
		{7815A9FC-5338-4579-A47E-613F6798F51B}.Debug|Any CPU.ActiveCfg = Debug|Any CPU
		{7815A9FC-5338-4579-A47E-613F6798F51B}.Debug|Any CPU.Build.0 = Debug|Any CPU
		{7815A9FC-5338-4579-A47E-613F6798F51B}.Debug|x64.ActiveCfg = Debug|Any CPU
		{7815A9FC-5338-4579-A47E-613F6798F51B}.Debug|x64.Build.0 = Debug|Any CPU
		{7815A9FC-5338-4579-A47E-613F6798F51B}.Debug|x86.ActiveCfg = Debug|Any CPU
		{7815A9FC-5338-4579-A47E-613F6798F51B}.Debug|x86.Build.0 = Debug|Any CPU
		{7815A9FC-5338-4579-A47E-613F6798F51B}.Release|Any CPU.ActiveCfg = Release|Any CPU
		{7815A9FC-5338-4579-A47E-613F6798F51B}.Release|Any CPU.Build.0 = Release|Any CPU
		{7815A9FC-5338-4579-A47E-613F6798F51B}.Release|x64.ActiveCfg = Release|Any CPU
		{7815A9FC-5338-4579-A47E-613F6798F51B}.Release|x64.Build.0 = Release|Any CPU
		{7815A9FC-5338-4579-A47E-613F6798F51B}.Release|x86.ActiveCfg = Release|Any CPU
		{7815A9FC-5338-4579-A47E-613F6798F51B}.Release|x86.Build.0 = Release|Any CPU
		{39A0BA88-E014-492C-A72E-3D111A3DBAA6}.Debug|Any CPU.ActiveCfg = Debug|Any CPU
		{39A0BA88-E014-492C-A72E-3D111A3DBAA6}.Debug|Any CPU.Build.0 = Debug|Any CPU
		{39A0BA88-E014-492C-A72E-3D111A3DBAA6}.Debug|x64.ActiveCfg = Debug|Any CPU
		{39A0BA88-E014-492C-A72E-3D111A3DBAA6}.Debug|x64.Build.0 = Debug|Any CPU
		{39A0BA88-E014-492C-A72E-3D111A3DBAA6}.Debug|x86.ActiveCfg = Debug|Any CPU
		{39A0BA88-E014-492C-A72E-3D111A3DBAA6}.Debug|x86.Build.0 = Debug|Any CPU
		{39A0BA88-E014-492C-A72E-3D111A3DBAA6}.Release|Any CPU.ActiveCfg = Release|Any CPU
		{39A0BA88-E014-492C-A72E-3D111A3DBAA6}.Release|Any CPU.Build.0 = Release|Any CPU
		{39A0BA88-E014-492C-A72E-3D111A3DBAA6}.Release|x64.ActiveCfg = Release|Any CPU
		{39A0BA88-E014-492C-A72E-3D111A3DBAA6}.Release|x64.Build.0 = Release|Any CPU
		{39A0BA88-E014-492C-A72E-3D111A3DBAA6}.Release|x86.ActiveCfg = Release|Any CPU
		{39A0BA88-E014-492C-A72E-3D111A3DBAA6}.Release|x86.Build.0 = Release|Any CPU
	EndGlobalSection
EndGlobal
